
Microsoft Visual Studio Solution File, Format Version 12.00
# Visual Studio 2012
Project("{FAE04EC0-301F-11D3-BF4B-00C04F79EFBC}") = "ClassAssessment", "ClassAssessment\ClassAssessment.csproj", "{06F8B4FB-C6D8-40AD-B511-15855EEC298D}"
EndProject
Project("{FAE04EC0-301F-11D3-BF4B-00C04F79EFBC}") = "ClassAssessment.Tests", "ClassAssessment.Tests\ClassAssessment.Tests.csproj", "{AE853C2E-D29C-42DF-BA46-E86EB63F04F4}"
EndProject
Global
	GlobalSection(SolutionConfigurationPlatforms) = preSolution
		Debug|Any CPU = Debug|Any CPU
		Release|Any CPU = Release|Any CPU
	EndGlobalSection
	GlobalSection(ProjectConfigurationPlatforms) = postSolution
		{06F8B4FB-C6D8-40AD-B511-15855EEC298D}.Debug|Any CPU.ActiveCfg = Debug|Any CPU
		{06F8B4FB-C6D8-40AD-B511-15855EEC298D}.Debug|Any CPU.Build.0 = Debug|Any CPU
		{06F8B4FB-C6D8-40AD-B511-15855EEC298D}.Release|Any CPU.ActiveCfg = Release|Any CPU
		{06F8B4FB-C6D8-40AD-B511-15855EEC298D}.Release|Any CPU.Build.0 = Release|Any CPU
		{AE853C2E-D29C-42DF-BA46-E86EB63F04F4}.Debug|Any CPU.ActiveCfg = Debug|Any CPU
		{AE853C2E-D29C-42DF-BA46-E86EB63F04F4}.Debug|Any CPU.Build.0 = Debug|Any CPU
		{AE853C2E-D29C-42DF-BA46-E86EB63F04F4}.Release|Any CPU.ActiveCfg = Release|Any CPU
		{AE853C2E-D29C-42DF-BA46-E86EB63F04F4}.Release|Any CPU.Build.0 = Release|Any CPU
	EndGlobalSection
	GlobalSection(SolutionProperties) = preSolution
		HideSolutionNode = FALSE
	EndGlobalSection
EndGlobal
